# This file is automatically @generated by Poetry 1.4.0 and should not be changed by hand.

[[package]]
name = "exif"
version = "1.6.0"
description = "Read and modify image EXIF metadata using Python."
category = "main"
optional = false
python-versions = ">=3.7"
files = [
    {file = "exif-1.6.0-py3-none-any.whl", hash = "sha256:2d002b5740eb897da43de1e6a8f4ebacf5171b4d0b8bc0182c70aebde1be86d3"},
    {file = "exif-1.6.0.tar.gz", hash = "sha256:36288d1ffc60030084a04c26f50cc32e19383a36cd234fcfa1fb1c6f698e1d36"},
]

[package.dependencies]
plum-py = ">=0.5.0,<2.0.0"

[[package]]
name = "plum-py"
version = "0.8.6"
description = "Pack/Unpack Memory."
category = "main"
optional = false
python-versions = ">=3.6"
files = [
    {file = "plum_py-0.8.6-py3-none-any.whl", hash = "sha256:c0ce6d03fc4bf09dbd838b520085e9dfb690d1604f3eb7a553fb6331c1155b78"},
]

[metadata]
lock-version = "2.0"
python-versions = "^3.9"
content-hash = "ee094ae7a2eb72ef47f901905d2664b2686cb1853f0e35447f25c4d50adc0bfe"
